
Microsoft Visual Studio Solution File, Format Version 12.00
# Visual Studio 14
VisualStudioVersion = 14.0.25420.1
MinimumVisualStudioVersion = 10.0.40219.1
Project("{FAE04EC0-301F-11D3-BF4B-00C04F79EFBC}") = "IPAddressTool", "IPAddressTool\IPAddressTool.csproj", "{ACE90904-C347-4A8B-AC0B-8214D503C026}"
EndProject
Project("{FAE04EC0-301F-11D3-BF4B-00C04F79EFBC}") = "ConsoleIPaddressTool", "ConsoleIPaddressTool\ConsoleIPaddressTool.csproj", "{252627F6-211B-4083-ABFA-58C71052A858}"
EndProject
Global
	GlobalSection(SolutionConfigurationPlatforms) = preSolution
		Debug|Any CPU = Debug|Any CPU
		Release|Any CPU = Release|Any CPU
	EndGlobalSection
	GlobalSection(ProjectConfigurationPlatforms) = postSolution
		{ACE90904-C347-4A8B-AC0B-8214D503C026}.Debug|Any CPU.ActiveCfg = Debug|Any CPU
		{ACE90904-C347-4A8B-AC0B-8214D503C026}.Debug|Any CPU.Build.0 = Debug|Any CPU
		{ACE90904-C347-4A8B-AC0B-8214D503C026}.Release|Any CPU.ActiveCfg = Release|Any CPU
		{ACE90904-C347-4A8B-AC0B-8214D503C026}.Release|Any CPU.Build.0 = Release|Any CPU
		{252627F6-211B-4083-ABFA-58C71052A858}.Debug|Any CPU.ActiveCfg = Debug|Any CPU
		{252627F6-211B-4083-ABFA-58C71052A858}.Debug|Any CPU.Build.0 = Debug|Any CPU
		{252627F6-211B-4083-ABFA-58C71052A858}.Release|Any CPU.ActiveCfg = Release|Any CPU
		{252627F6-211B-4083-ABFA-58C71052A858}.Release|Any CPU.Build.0 = Release|Any CPU
	EndGlobalSection
	GlobalSection(SolutionProperties) = preSolution
		HideSolutionNode = FALSE
	EndGlobalSection
EndGlobal
